
Microsoft Visual Studio Solution File, Format Version 12.00
# Visual Studio Version 17
VisualStudioVersion = 17.0.31903.59
MinimumVisualStudioVersion = 10.0.40219.1
Project("{FAE04EC0-301F-11D3-BF4B-00C04F79EFBC}") = "RomanNumerals", "RomanNumerals\RomanNumerals.csproj", "{B48E16FF-E5C6-48D6-8EC3-C8D32C0110EA}"
EndProject
Project("{FAE04EC0-301F-11D3-BF4B-00C04F79EFBC}") = "RomanNumerals.Tests", "RomanNumerals.Tests\RomanNumerals.Tests.csproj", "{8BCF0414-6E47-4EDA-A030-FC7D652D44D8}"
EndProject
Global
	GlobalSection(SolutionConfigurationPlatforms) = preSolution
		Debug|Any CPU = Debug|Any CPU
		Release|Any CPU = Release|Any CPU
	EndGlobalSection
	GlobalSection(SolutionProperties) = preSolution
		HideSolutionNode = FALSE
	EndGlobalSection
	GlobalSection(ProjectConfigurationPlatforms) = postSolution
		{B48E16FF-E5C6-48D6-8EC3-C8D32C0110EA}.Debug|Any CPU.ActiveCfg = Debug|Any CPU
		{B48E16FF-E5C6-48D6-8EC3-C8D32C0110EA}.Debug|Any CPU.Build.0 = Debug|Any CPU
		{B48E16FF-E5C6-48D6-8EC3-C8D32C0110EA}.Release|Any CPU.ActiveCfg = Release|Any CPU
		{B48E16FF-E5C6-48D6-8EC3-C8D32C0110EA}.Release|Any CPU.Build.0 = Release|Any CPU
		{8BCF0414-6E47-4EDA-A030-FC7D652D44D8}.Debug|Any CPU.ActiveCfg = Debug|Any CPU
		{8BCF0414-6E47-4EDA-A030-FC7D652D44D8}.Debug|Any CPU.Build.0 = Debug|Any CPU
		{8BCF0414-6E47-4EDA-A030-FC7D652D44D8}.Release|Any CPU.ActiveCfg = Release|Any CPU
		{8BCF0414-6E47-4EDA-A030-FC7D652D44D8}.Release|Any CPU.Build.0 = Release|Any CPU
	EndGlobalSection
EndGlobal
